
Microsoft Visual Studio Solution File, Format Version 12.00
# Visual Studio Version 17
VisualStudioVersion = 17.14.36408.4
MinimumVisualStudioVersion = 10.0.40219.1
Project("{FAE04EC0-301F-11D3-BF4B-00C04F79EFBC}") = "Data", "ServiceSync\Data\Data.csproj", "{16206856-C522-8D49-143C-FC39DB5B564F}"
EndProject
Project("{FAE04EC0-301F-11D3-BF4B-00C04F79EFBC}") = "WebAPI", "ServiceSync\WebAPI\WebAPI.csproj", "{1A758A88-0830-F10C-FD01-F51ED8CB8DA8}"
EndProject
Global
	GlobalSection(SolutionConfigurationPlatforms) = preSolution
		Debug|Any CPU = Debug|Any CPU
		Release|Any CPU = Release|Any CPU
	EndGlobalSection
	GlobalSection(ProjectConfigurationPlatforms) = postSolution
		{16206856-C522-8D49-143C-FC39DB5B564F}.Debug|Any CPU.ActiveCfg = Debug|Any CPU
		{16206856-C522-8D49-143C-FC39DB5B564F}.Debug|Any CPU.Build.0 = Debug|Any CPU
		{16206856-C522-8D49-143C-FC39DB5B564F}.Release|Any CPU.ActiveCfg = Release|Any CPU
		{16206856-C522-8D49-143C-FC39DB5B564F}.Release|Any CPU.Build.0 = Release|Any CPU
		{1A758A88-0830-F10C-FD01-F51ED8CB8DA8}.Debug|Any CPU.ActiveCfg = Debug|Any CPU
		{1A758A88-0830-F10C-FD01-F51ED8CB8DA8}.Debug|Any CPU.Build.0 = Debug|Any CPU
		{1A758A88-0830-F10C-FD01-F51ED8CB8DA8}.Release|Any CPU.ActiveCfg = Release|Any CPU
		{1A758A88-0830-F10C-FD01-F51ED8CB8DA8}.Release|Any CPU.Build.0 = Release|Any CPU
	EndGlobalSection
	GlobalSection(SolutionProperties) = preSolution
		HideSolutionNode = FALSE
	EndGlobalSection
	GlobalSection(ExtensibilityGlobals) = postSolution
		SolutionGuid = {78180828-93DE-4E47-B31D-B73DE07A54D7}
	EndGlobalSection
EndGlobal
